
Microsoft Visual Studio Solution File, Format Version 12.00
# Visual Studio 14
VisualStudioVersion = 14.0.25420.1
MinimumVisualStudioVersion = 10.0.40219.1
Project("{FAE04EC0-301F-11D3-BF4B-00C04F79EFBC}") = "Utility.CommandLine.Arguments", "Utility.CommandLine.Arguments\Utility.CommandLine.Arguments.csproj", "{B739DD22-4BD3-4D17-A351-33D129E9FE30}"
EndProject
Project("{FAE04EC0-301F-11D3-BF4B-00C04F79EFBC}") = "Utility.CommandLine.Arguments.Tests", "Utility.CommandLine.Arguments.Tests\Utility.CommandLine.Arguments.Tests.csproj", "{9CEAAC1F-CC94-4F0C-BA3D-4EF017734238}"
EndProject
Project("{2150E333-8FDC-42A3-9474-1A3956D46DE8}") = "Solution Items", "Solution Items", "{EAC9616F-01AC-4939-BDC3-430133303448}"
	ProjectSection(SolutionItems) = preProject
		appveyor.yml = appveyor.yml
		LICENSE = LICENSE
		README.md = README.md
	EndProjectSection
EndProject
Global
	GlobalSection(SolutionConfigurationPlatforms) = preSolution
		Debug|Any CPU = Debug|Any CPU
		Release|Any CPU = Release|Any CPU
	EndGlobalSection
	GlobalSection(ProjectConfigurationPlatforms) = postSolution
		{B739DD22-4BD3-4D17-A351-33D129E9FE30}.Debug|Any CPU.ActiveCfg = Debug|Any CPU
		{B739DD22-4BD3-4D17-A351-33D129E9FE30}.Debug|Any CPU.Build.0 = Debug|Any CPU
		{B739DD22-4BD3-4D17-A351-33D129E9FE30}.Release|Any CPU.ActiveCfg = Release|Any CPU
		{B739DD22-4BD3-4D17-A351-33D129E9FE30}.Release|Any CPU.Build.0 = Release|Any CPU
		{9CEAAC1F-CC94-4F0C-BA3D-4EF017734238}.Debug|Any CPU.ActiveCfg = Debug|Any CPU
		{9CEAAC1F-CC94-4F0C-BA3D-4EF017734238}.Debug|Any CPU.Build.0 = Debug|Any CPU
		{9CEAAC1F-CC94-4F0C-BA3D-4EF017734238}.Release|Any CPU.ActiveCfg = Release|Any CPU
		{9CEAAC1F-CC94-4F0C-BA3D-4EF017734238}.Release|Any CPU.Build.0 = Release|Any CPU
	EndGlobalSection
	GlobalSection(SolutionProperties) = preSolution
		HideSolutionNode = FALSE
	EndGlobalSection
EndGlobal
