
Microsoft Visual Studio Solution File, Format Version 12.00
# Visual Studio 15
VisualStudioVersion = 15.0.28010.2016
MinimumVisualStudioVersion = 10.0.40219.1
Project("{9A19103F-16F7-4668-BE54-9A1E7A4F7556}") = "Utility.CommandLine.Arguments", "src\Utility.CommandLine.Arguments\Utility.CommandLine.Arguments.csproj", "{9E7684E0-A2E1-4F55-B492-12F4EDAD68C8}"
EndProject
Project("{9A19103F-16F7-4668-BE54-9A1E7A4F7556}") = "Utility.CommandLine.Arguments.Tests", "tests\Utility.CommandLine.Arguments.Tests\Utility.CommandLine.Arguments.Tests.csproj", "{2A63EB98-9E4F-4CC5-8390-4342B10E228D}"
EndProject
Project("{2150E333-8FDC-42A3-9474-1A3956D46DE8}") = "Solution Items", "Solution Items", "{C1B0ADA1-91A1-4009-86EF-C619771367DC}"
	ProjectSection(SolutionItems) = preProject
		.travis.yml = .travis.yml
		appveyor.yml = appveyor.yml
		CONTRIBUTING.md = CONTRIBUTING.md
		LICENSE = LICENSE
		tools\pack.sh = tools\pack.sh
		README.md = README.md
	EndProjectSection
EndProject
Project("{9A19103F-16F7-4668-BE54-9A1E7A4F7556}") = "Example", "examples\Example\Example.csproj", "{57E43670-9A19-4235-8552-EAB69404B56C}"
EndProject
Global
	GlobalSection(SolutionConfigurationPlatforms) = preSolution
		Debug|Any CPU = Debug|Any CPU
		Release|Any CPU = Release|Any CPU
	EndGlobalSection
	GlobalSection(ProjectConfigurationPlatforms) = postSolution
		{9E7684E0-A2E1-4F55-B492-12F4EDAD68C8}.Debug|Any CPU.ActiveCfg = Debug|Any CPU
		{9E7684E0-A2E1-4F55-B492-12F4EDAD68C8}.Debug|Any CPU.Build.0 = Debug|Any CPU
		{9E7684E0-A2E1-4F55-B492-12F4EDAD68C8}.Release|Any CPU.ActiveCfg = Release|Any CPU
		{9E7684E0-A2E1-4F55-B492-12F4EDAD68C8}.Release|Any CPU.Build.0 = Release|Any CPU
		{2A63EB98-9E4F-4CC5-8390-4342B10E228D}.Debug|Any CPU.ActiveCfg = Debug|Any CPU
		{2A63EB98-9E4F-4CC5-8390-4342B10E228D}.Debug|Any CPU.Build.0 = Debug|Any CPU
		{2A63EB98-9E4F-4CC5-8390-4342B10E228D}.Release|Any CPU.ActiveCfg = Release|Any CPU
		{2A63EB98-9E4F-4CC5-8390-4342B10E228D}.Release|Any CPU.Build.0 = Release|Any CPU
		{57E43670-9A19-4235-8552-EAB69404B56C}.Debug|Any CPU.ActiveCfg = Debug|Any CPU
		{57E43670-9A19-4235-8552-EAB69404B56C}.Debug|Any CPU.Build.0 = Debug|Any CPU
		{57E43670-9A19-4235-8552-EAB69404B56C}.Release|Any CPU.ActiveCfg = Release|Any CPU
		{57E43670-9A19-4235-8552-EAB69404B56C}.Release|Any CPU.Build.0 = Release|Any CPU
	EndGlobalSection
	GlobalSection(SolutionProperties) = preSolution
		HideSolutionNode = FALSE
	EndGlobalSection
	GlobalSection(ExtensibilityGlobals) = postSolution
		SolutionGuid = {30778115-B18C-4585-866D-0D36417F35DD}
	EndGlobalSection
EndGlobal
